// !$*UTF8*$!
{
	archiveVersion = 1;
	classes = {
	};
	objectVersion = 46;
	objects = {

/* Begin PBXBuildFile section */
		930FA30A1A3E075A00BF6BAD /* AppDelegate.m in Sources */ = {isa = PBXBuildFile; fileRef = 930FA2F71A3E075A00BF6BAD /* AppDelegate.m */; };
		930FA30B1A3E075A00BF6BAD /* contact.m in Sources */ = {isa = PBXBuildFile; fileRef = 930FA2F91A3E075A00BF6BAD /* contact.m */; };
		930FA30C1A3E075A00BF6BAD /* findUS.m in Sources */ = {isa = PBXBuildFile; fileRef = 930FA2FB1A3E075A00BF6BAD /* findUS.m */; };
		930FA30D1A3E075A00BF6BAD /* preventivo.m in Sources */ = {isa = PBXBuildFile; fileRef = 930FA2FD1A3E075A00BF6BAD /* preventivo.m */; };
		930FA30E1A3E075A00BF6BAD /* report.m in Sources */ = {isa = PBXBuildFile; fileRef = 930FA2FF1A3E075A00BF6BAD /* report.m */; };
		930FA30F1A3E075A00BF6BAD /* service.m in Sources */ = {isa = PBXBuildFile; fileRef = 930FA3011A3E075A00BF6BAD /* service.m */; };
		930FA3101A3E075A00BF6BAD /* services.m in Sources */ = {isa = PBXBuildFile; fileRef = 930FA3031A3E075A00BF6BAD /* services.m */; };
		930FA3111A3E075A00BF6BAD /* Utils.m in Sources */ = {isa = PBXBuildFile; fileRef = 930FA3051A3E075A00BF6BAD /* Utils.m */; };
		930FA3121A3E075A00BF6BAD /* ViewController.m in Sources */ = {isa = PBXBuildFile; fileRef = 930FA3071A3E075A00BF6BAD /* ViewController.m */; };
		930FA3131A3E075A00BF6BAD /* webBrowser.m in Sources */ = {isa = PBXBuildFile; fileRef = 930FA3091A3E075A00BF6BAD /* webBrowser.m */; };
		930FA3151A3E076600BF6BAD /* beep.mp3 in Resources */ = {isa = PBXBuildFile; fileRef = 930FA3141A3E076600BF6BAD /* beep.mp3 */; };
		930FA3361A3E077800BF6BAD /* 1195445181899094722molumen_phone_icon.svg.med.png in Resources */ = {isa = PBXBuildFile; fileRef = 930FA3161A3E077800BF6BAD /* 1195445181899094722molumen_phone_icon.svg.med.png */; };
		930FA3371A3E077800BF6BAD /* brief_case.png in Resources */ = {isa = PBXBuildFile; fileRef = 930FA3171A3E077800BF6BAD /* brief_case.png */; };
		930FA3381A3E077800BF6BAD /* brief_case@2x.png in Resources */ = {isa = PBXBuildFile; fileRef = 930FA3181A3E077800BF6BAD /* brief_case@2x.png */; };
		930FA3391A3E077800BF6BAD /* car.jpg in Resources */ = {isa = PBXBuildFile; fileRef = 930FA3191A3E077800BF6BAD /* car.jpg */; };
		930FA33A1A3E077800BF6BAD /* centrale operativa.jpg in Resources */ = {isa = PBXBuildFile; fileRef = 930FA31A1A3E077800BF6BAD /* centrale operativa.jpg */; };
		930FA33B1A3E077800BF6BAD /* co.jpg in Resources */ = {isa = PBXBuildFile; fileRef = 930FA31B1A3E077800BF6BAD /* co.jpg */; };
		930FA33C1A3E077800BF6BAD /* cog_02.png in Resources */ = {isa = PBXBuildFile; fileRef = 930FA31C1A3E077800BF6BAD /* cog_02.png */; };
		930FA33D1A3E077800BF6BAD /* cog_02@2x.png in Resources */ = {isa = PBXBuildFile; fileRef = 930FA31D1A3E077800BF6BAD /* cog_02@2x.png */; };
		930FA33E1A3E077800BF6BAD /* ededIMG_9307.jpg in Resources */ = {isa = PBXBuildFile; fileRef = 930FA31E1A3E077800BF6BAD /* ededIMG_9307.jpg */; };
		930FA33F1A3E077800BF6BAD /* email-mail-post-letter-stamp.png in Resources */ = {isa = PBXBuildFile; fileRef = 930FA31F1A3E077800BF6BAD /* email-mail-post-letter-stamp.png */; };
		930FA3401A3E077800BF6BAD /* globe.png in Resources */ = {isa = PBXBuildFile; fileRef = 930FA3201A3E077800BF6BAD /* globe.png */; };
		930FA3411A3E077800BF6BAD /* globe@2x.png in Resources */ = {isa = PBXBuildFile; fileRef = 930FA3211A3E077800BF6BAD /* globe@2x.png */; };
		930FA3421A3E077800BF6BAD /* go_next.png in Resources */ = {isa = PBXBuildFile; fileRef = 930FA3221A3E077800BF6BAD /* go_next.png */; };
		930FA3431A3E077800BF6BAD /* house.png in Resources */ = {isa = PBXBuildFile; fileRef = 930FA3231A3E077800BF6BAD /* house.png */; };
		930FA3441A3E077800BF6BAD /* house@2x.png in Resources */ = {isa = PBXBuildFile; fileRef = 930FA3241A3E077800BF6BAD /* house@2x.png */; };
		930FA3451A3E077800BF6BAD /* letter_closed.png in Resources */ = {isa = PBXBuildFile; fileRef = 930FA3251A3E077800BF6BAD /* letter_closed.png */; };
		930FA3461A3E077800BF6BAD /* letter_closed@2x.png in Resources */ = {isa = PBXBuildFile; fileRef = 930FA3261A3E077800BF6BAD /* letter_closed@2x.png */; };
		930FA3471A3E077800BF6BAD /* LOff.png in Resources */ = {isa = PBXBuildFile; fileRef = 930FA3271A3E077800BF6BAD /* LOff.png */; };
		930FA3481A3E077800BF6BAD /* logo.png in Resources */ = {isa = PBXBuildFile; fileRef = 930FA3281A3E077800BF6BAD /* logo.png */; };
		930FA3491A3E077800BF6BAD /* LOn.png in Resources */ = {isa = PBXBuildFile; fileRef = 930FA3291A3E077800BF6BAD /* LOn.png */; };
		930FA34A1A3E077800BF6BAD /* navigate_left_256.png in Resources */ = {isa = PBXBuildFile; fileRef = 930FA32A1A3E077800BF6BAD /* navigate_left_256.png */; };
		930FA34B1A3E077800BF6BAD /* navigate.png in Resources */ = {isa = PBXBuildFile; fileRef = 930FA32B1A3E077800BF6BAD /* navigate.png */; };
		930FA34C1A3E077800BF6BAD /* notes-8.png in Resources */ = {isa = PBXBuildFile; fileRef = 930FA32C1A3E077800BF6BAD /* notes-8.png */; };
		930FA34D1A3E077800BF6BAD /* play.png in Resources */ = {isa = PBXBuildFile; fileRef = 930FA32D1A3E077800BF6BAD /* play.png */; };
		930FA34E1A3E077800BF6BAD /* qr.jpg in Resources */ = {isa = PBXBuildFile; fileRef = 930FA32E1A3E077800BF6BAD /* qr.jpg */; };
		930FA34F1A3E077800BF6BAD /* radioall.jpg in Resources */ = {isa = PBXBuildFile; fileRef = 930FA32F1A3E077800BF6BAD /* radioall.jpg */; };
		930FA3501A3E077800BF6BAD /* sat.jpg in Resources */ = {isa = PBXBuildFile; fileRef = 930FA3301A3E077800BF6BAD /* sat.jpg */; };
		930FA3511A3E077800BF6BAD /* settings.png in Resources */ = {isa = PBXBuildFile; fileRef = 930FA3311A3E077800BF6BAD /* settings.png */; };
		930FA3521A3E077800BF6BAD /* sfondo.png in Resources */ = {isa = PBXBuildFile; fileRef = 930FA3321A3E077800BF6BAD /* sfondo.png */; };
		930FA3531A3E077800BF6BAD /* spark.png in Resources */ = {isa = PBXBuildFile; fileRef = 930FA3331A3E077800BF6BAD /* spark.png */; };
		930FA3541A3E077800BF6BAD /* video.jpg in Resources */ = {isa = PBXBuildFile; fileRef = 930FA3341A3E077800BF6BAD /* video.jpg */; };
		930FA3551A3E077800BF6BAD /* Vista_Icon.png in Resources */ = {isa = PBXBuildFile; fileRef = 930FA3351A3E077800BF6BAD /* Vista_Icon.png */; };
		930FA35B1A3E07BF00BF6BAD /* Default@2x.png in Resources */ = {isa = PBXBuildFile; fileRef = 930FA3561A3E07BF00BF6BAD /* Default@2x.png */; };
		930FA35C1A3E07BF00BF6BAD /* iPadImage-Appname-Landscape.png in Resources */ = {isa = PBXBuildFile; fileRef = 930FA3571A3E07BF00BF6BAD /* iPadImage-Appname-Landscape.png */; };
		930FA35D1A3E07BF00BF6BAD /* iPadImage-Appname-Landscape@2x.png in Resources */ = {isa = PBXBuildFile; fileRef = 930FA3581A3E07BF00BF6BAD /* iPadImage-Appname-Landscape@2x.png */; };
		930FA35E1A3E07BF00BF6BAD /* iPadImage-Appname-Portrait.png in Resources */ = {isa = PBXBuildFile; fileRef = 930FA3591A3E07BF00BF6BAD /* iPadImage-Appname-Portrait.png */; };
		930FA35F1A3E07BF00BF6BAD /* iPadImage-Appname-Portrait@2x.png in Resources */ = {isa = PBXBuildFile; fileRef = 930FA35A1A3E07BF00BF6BAD /* iPadImage-Appname-Portrait@2x.png */; };
		93545BBF1907A94400CD19A6 /* Foundation.framework in Frameworks */ = {isa = PBXBuildFile; fileRef = 93545BBE1907A94400CD19A6 /* Foundation.framework */; };
		93545BC11907A94400CD19A6 /* CoreGraphics.framework in Frameworks */ = {isa = PBXBuildFile; fileRef = 93545BC01907A94400CD19A6 /* CoreGraphics.framework */; };
		93545BC31907A94400CD19A6 /* UIKit.framework in Frameworks */ = {isa = PBXBuildFile; fileRef = 93545BC21907A94400CD19A6 /* UIKit.framework */; };
		93545BC91907A94400CD19A6 /* InfoPlist.strings in Resources */ = {isa = PBXBuildFile; fileRef = 93545BC71907A94400CD19A6 /* InfoPlist.strings */; };
		93545BCB1907A94400CD19A6 /* main.m in Sources */ = {isa = PBXBuildFile; fileRef = 93545BCA1907A94400CD19A6 /* main.m */; };
		93545BD21907A94400CD19A6 /* Main_iPhone.storyboard in Resources */ = {isa = PBXBuildFile; fileRef = 93545BD01907A94400CD19A6 /* Main_iPhone.storyboard */; };
		93545BD51907A94400CD19A6 /* Main_iPad.storyboard in Resources */ = {isa = PBXBuildFile; fileRef = 93545BD31907A94400CD19A6 /* Main_iPad.storyboard */; };
		93545BE11907A94400CD19A6 /* XCTest.framework in Frameworks */ = {isa = PBXBuildFile; fileRef = 93545BE01907A94400CD19A6 /* XCTest.framework */; };
		93545BE21907A94400CD19A6 /* Foundation.framework in Frameworks */ = {isa = PBXBuildFile; fileRef = 93545BBE1907A94400CD19A6 /* Foundation.framework */; };
		93545BE31907A94400CD19A6 /* UIKit.framework in Frameworks */ = {isa = PBXBuildFile; fileRef = 93545BC21907A94400CD19A6 /* UIKit.framework */; };
		93545BEB1907A94400CD19A6 /* InfoPlist.strings in Resources */ = {isa = PBXBuildFile; fileRef = 93545BE91907A94400CD19A6 /* InfoPlist.strings */; };
		93545BED1907A94400CD19A6 /* _858securityTests.m in Sources */ = {isa = PBXBuildFile; fileRef = 93545BEC1907A94400CD19A6 /* _858securityTests.m */; };
		9368BAD9191E14E500F91D7E /* Images.xcassets in Resources */ = {isa = PBXBuildFile; fileRef = 9368BAD8191E14E500F91D7E /* Images.xcassets */; };
/* End PBXBuildFile section */

/* Begin PBXContainerItemProxy section */
		93545BE41907A94400CD19A6 /* PBXContainerItemProxy */ = {
			isa = PBXContainerItemProxy;
			containerPortal = 93545BB31907A94400CD19A6 /* Project object */;
			proxyType = 1;
			remoteGlobalIDString = 93545BBA1907A94400CD19A6;
			remoteInfo = 2858security;
		};
/* End PBXContainerItemProxy section */

/* Begin PBXFileReference section */
		930FA2F61A3E075A00BF6BAD /* AppDelegate.h */ = {isa = PBXFileReference; fileEncoding = 4; lastKnownFileType = sourcecode.c.h; name = AppDelegate.h; path = Src/AppDelegate.h; sourceTree = "<group>"; };
		930FA2F71A3E075A00BF6BAD /* AppDelegate.m */ = {isa = PBXFileReference; fileEncoding = 4; lastKnownFileType = sourcecode.c.objc; name = AppDelegate.m; path = Src/AppDelegate.m; sourceTree = "<group>"; };
		930FA2F81A3E075A00BF6BAD /* contact.h */ = {isa = PBXFileReference; fileEncoding = 4; lastKnownFileType = sourcecode.c.h; name = contact.h; path = Src/contact.h; sourceTree = "<group>"; };
		930FA2F91A3E075A00BF6BAD /* contact.m */ = {isa = PBXFileReference; fileEncoding = 4; lastKnownFileType = sourcecode.c.objc; name = contact.m; path = Src/contact.m; sourceTree = "<group>"; };
		930FA2FA1A3E075A00BF6BAD /* findUS.h */ = {isa = PBXFileReference; fileEncoding = 4; lastKnownFileType = sourcecode.c.h; name = findUS.h; path = Src/findUS.h; sourceTree = "<group>"; };
		930FA2FB1A3E075A00BF6BAD /* findUS.m */ = {isa = PBXFileReference; fileEncoding = 4; lastKnownFileType = sourcecode.c.objc; name = findUS.m; path = Src/findUS.m; sourceTree = "<group>"; };
		930FA2FC1A3E075A00BF6BAD /* preventivo.h */ = {isa = PBXFileReference; fileEncoding = 4; lastKnownFileType = sourcecode.c.h; name = preventivo.h; path = Src/preventivo.h; sourceTree = "<group>"; };
		930FA2FD1A3E075A00BF6BAD /* preventivo.m */ = {isa = PBXFileReference; fileEncoding = 4; lastKnownFileType = sourcecode.c.objc; name = preventivo.m; path = Src/preventivo.m; sourceTree = "<group>"; };
		930FA2FE1A3E075A00BF6BAD /* report.h */ = {isa = PBXFileReference; fileEncoding = 4; lastKnownFileType = sourcecode.c.h; name = report.h; path = Src/report.h; sourceTree = "<group>"; };
		930FA2FF1A3E075A00BF6BAD /* report.m */ = {isa = PBXFileReference; fileEncoding = 4; lastKnownFileType = sourcecode.c.objc; name = report.m; path = Src/report.m; sourceTree = "<group>"; };
		930FA3001A3E075A00BF6BAD /* service.h */ = {isa = PBXFileReference; fileEncoding = 4; lastKnownFileType = sourcecode.c.h; name = service.h; path = Src/service.h; sourceTree = "<group>"; };
		930FA3011A3E075A00BF6BAD /* service.m */ = {isa = PBXFileReference; fileEncoding = 4; lastKnownFileType = sourcecode.c.objc; name = service.m; path = Src/service.m; sourceTree = "<group>"; };
		930FA3021A3E075A00BF6BAD /* services.h */ = {isa = PBXFileReference; fileEncoding = 4; lastKnownFileType = sourcecode.c.h; name = services.h; path = Src/services.h; sourceTree = "<group>"; };
		930FA3031A3E075A00BF6BAD /* services.m */ = {isa = PBXFileReference; fileEncoding = 4; lastKnownFileType = sourcecode.c.objc; name = services.m; path = Src/services.m; sourceTree = "<group>"; };
		930FA3041A3E075A00BF6BAD /* Utils.h */ = {isa = PBXFileReference; fileEncoding = 4; lastKnownFileType = sourcecode.c.h; name = Utils.h; path = Src/Utils.h; sourceTree = "<group>"; };
		930FA3051A3E075A00BF6BAD /* Utils.m */ = {isa = PBXFileReference; fileEncoding = 4; lastKnownFileType = sourcecode.c.objc; name = Utils.m; path = Src/Utils.m; sourceTree = "<group>"; };
		930FA3061A3E075A00BF6BAD /* ViewController.h */ = {isa = PBXFileReference; fileEncoding = 4; lastKnownFileType = sourcecode.c.h; name = ViewController.h; path = Src/ViewController.h; sourceTree = "<group>"; };
		930FA3071A3E075A00BF6BAD /* ViewController.m */ = {isa = PBXFileReference; fileEncoding = 4; lastKnownFileType = sourcecode.c.objc; name = ViewController.m; path = Src/ViewController.m; sourceTree = "<group>"; };
		930FA3081A3E075A00BF6BAD /* webBrowser.h */ = {isa = PBXFileReference; fileEncoding = 4; lastKnownFileType = sourcecode.c.h; name = webBrowser.h; path = Src/webBrowser.h; sourceTree = "<group>"; };
		930FA3091A3E075A00BF6BAD /* webBrowser.m */ = {isa = PBXFileReference; fileEncoding = 4; lastKnownFileType = sourcecode.c.objc; name = webBrowser.m; path = Src/webBrowser.m; sourceTree = "<group>"; };
		930FA3141A3E076600BF6BAD /* beep.mp3 */ = {isa = PBXFileReference; lastKnownFileType = audio.mp3; name = beep.mp3; path = Music/beep.mp3; sourceTree = "<group>"; };
		930FA3161A3E077800BF6BAD /* 1195445181899094722molumen_phone_icon.svg.med.png */ = {isa = PBXFileReference; lastKnownFileType = image.png; name = 1195445181899094722molumen_phone_icon.svg.med.png; path = Images/1195445181899094722molumen_phone_icon.svg.med.png; sourceTree = "<group>"; };
		930FA3171A3E077800BF6BAD /* brief_case.png */ = {isa = PBXFileReference; lastKnownFileType = image.png; name = brief_case.png; path = Images/brief_case.png; sourceTree = "<group>"; };
		930FA3181A3E077800BF6BAD /* brief_case@2x.png */ = {isa = PBXFileReference; lastKnownFileType = image.png; name = "brief_case@2x.png"; path = "Images/brief_case@2x.png"; sourceTree = "<group>"; };
		930FA3191A3E077800BF6BAD /* car.jpg */ = {isa = PBXFileReference; lastKnownFileType = image.jpeg; name = car.jpg; path = Images/car.jpg; sourceTree = "<group>"; };
		930FA31A1A3E077800BF6BAD /* centrale operativa.jpg */ = {isa = PBXFileReference; lastKnownFileType = image.jpeg; name = "centrale operativa.jpg"; path = "Images/centrale operativa.jpg"; sourceTree = "<group>"; };
		930FA31B1A3E077800BF6BAD /* co.jpg */ = {isa = PBXFileReference; lastKnownFileType = image.jpeg; name = co.jpg; path = Images/co.jpg; sourceTree = "<group>"; };
		930FA31C1A3E077800BF6BAD /* cog_02.png */ = {isa = PBXFileReference; lastKnownFileType = image.png; name = cog_02.png; path = Images/cog_02.png; sourceTree = "<group>"; };
		930FA31D1A3E077800BF6BAD /* cog_02@2x.png */ = {isa = PBXFileReference; lastKnownFileType = image.png; name = "cog_02@2x.png"; path = "Images/cog_02@2x.png"; sourceTree = "<group>"; };
		930FA31E1A3E077800BF6BAD /* ededIMG_9307.jpg */ = {isa = PBXFileReference; lastKnownFileType = image.jpeg; name = ededIMG_9307.jpg; path = Images/ededIMG_9307.jpg; sourceTree = "<group>"; };
		930FA31F1A3E077800BF6BAD /* email-mail-post-letter-stamp.png */ = {isa = PBXFileReference; lastKnownFileType = image.png; name = "email-mail-post-letter-stamp.png"; path = "Images/email-mail-post-letter-stamp.png"; sourceTree = "<group>"; };
		930FA3201A3E077800BF6BAD /* globe.png */ = {isa = PBXFileReference; lastKnownFileType = image.png; name = globe.png; path = Images/globe.png; sourceTree = "<group>"; };
		930FA3211A3E077800BF6BAD /* globe@2x.png */ = {isa = PBXFileReference; lastKnownFileType = image.png; name = "globe@2x.png"; path = "Images/globe@2x.png"; sourceTree = "<group>"; };
		930FA3221A3E077800BF6BAD /* go_next.png */ = {isa = PBXFileReference; lastKnownFileType = image.png; name = go_next.png; path = Images/go_next.png; sourceTree = "<group>"; };
		930FA3231A3E077800BF6BAD /* house.png */ = {isa = PBXFileReference; lastKnownFileType = image.png; name = house.png; path = Images/house.png; sourceTree = "<group>"; };
		930FA3241A3E077800BF6BAD /* house@2x.png */ = {isa = PBXFileReference; lastKnownFileType = image.png; name = "house@2x.png"; path = "Images/house@2x.png"; sourceTree = "<group>"; };
		930FA3251A3E077800BF6BAD /* letter_closed.png */ = {isa = PBXFileReference; lastKnownFileType = image.png; name = letter_closed.png; path = Images/letter_closed.png; sourceTree = "<group>"; };
		930FA3261A3E077800BF6BAD /* letter_closed@2x.png */ = {isa = PBXFileReference; lastKnownFileType = image.png; name = "letter_closed@2x.png"; path = "Images/letter_closed@2x.png"; sourceTree = "<group>"; };
		930FA3271A3E077800BF6BAD /* LOff.png */ = {isa = PBXFileReference; lastKnownFileType = image.png; name = LOff.png; path = Images/LOff.png; sourceTree = "<group>"; };
		930FA3281A3E077800BF6BAD /* logo.png */ = {isa = PBXFileReference; lastKnownFileType = image.png; name = logo.png; path = Images/logo.png; sourceTree = "<group>"; };
		930FA3291A3E077800BF6BAD /* LOn.png */ = {isa = PBXFileReference; lastKnownFileType = image.png; name = LOn.png; path = Images/LOn.png; sourceTree = "<group>"; };
		930FA32A1A3E077800BF6BAD /* navigate_left_256.png */ = {isa = PBXFileReference; lastKnownFileType = image.png; name = navigate_left_256.png; path = Images/navigate_left_256.png; sourceTree = "<group>"; };
		930FA32B1A3E077800BF6BAD /* navigate.png */ = {isa = PBXFileReference; lastKnownFileType = image.png; name = navigate.png; path = Images/navigate.png; sourceTree = "<group>"; };
		930FA32C1A3E077800BF6BAD /* notes-8.png */ = {isa = PBXFileReference; lastKnownFileType = image.png; name = "notes-8.png"; path = "Images/notes-8.png"; sourceTree = "<group>"; };
		930FA32D1A3E077800BF6BAD /* play.png */ = {isa = PBXFileReference; lastKnownFileType = image.png; name = play.png; path = Images/play.png; sourceTree = "<group>"; };
		930FA32E1A3E077800BF6BAD /* qr.jpg */ = {isa = PBXFileReference; lastKnownFileType = image.jpeg; name = qr.jpg; path = Images/qr.jpg; sourceTree = "<group>"; };
		930FA32F1A3E077800BF6BAD /* radioall.jpg */ = {isa = PBXFileReference; lastKnownFileType = image.jpeg; name = radioall.jpg; path = Images/radioall.jpg; sourceTree = "<group>"; };
		930FA3301A3E077800BF6BAD /* sat.jpg */ = {isa = PBXFileReference; lastKnownFileType = image.jpeg; name = sat.jpg; path = Images/sat.jpg; sourceTree = "<group>"; };
		930FA3311A3E077800BF6BAD /* settings.png */ = {isa = PBXFileReference; lastKnownFileType = image.png; name = settings.png; path = Images/settings.png; sourceTree = "<group>"; };
		930FA3321A3E077800BF6BAD /* sfondo.png */ = {isa = PBXFileReference; lastKnownFileType = image.png; name = sfondo.png; path = Images/sfondo.png; sourceTree = "<group>"; };
		930FA3331A3E077800BF6BAD /* spark.png */ = {isa = PBXFileReference; lastKnownFileType = image.png; name = spark.png; path = Images/spark.png; sourceTree = "<group>"; };
		930FA3341A3E077800BF6BAD /* video.jpg */ = {isa = PBXFileReference; lastKnownFileType = image.jpeg; name = video.jpg; path = Images/video.jpg; sourceTree = "<group>"; };
		930FA3351A3E077800BF6BAD /* Vista_Icon.png */ = {isa = PBXFileReference; lastKnownFileType = image.png; name = Vista_Icon.png; path = Images/Vista_Icon.png; sourceTree = "<group>"; };
		930FA3561A3E07BF00BF6BAD /* Default@2x.png */ = {isa = PBXFileReference; lastKnownFileType = image.png; name = "Default@2x.png"; path = "Images/Default@2x.png"; sourceTree = "<group>"; };
		930FA3571A3E07BF00BF6BAD /* iPadImage-Appname-Landscape.png */ = {isa = PBXFileReference; lastKnownFileType = image.png; name = "iPadImage-Appname-Landscape.png"; path = "Images/iPadImage-Appname-Landscape.png"; sourceTree = "<group>"; };
		930FA3581A3E07BF00BF6BAD /* iPadImage-Appname-Landscape@2x.png */ = {isa = PBXFileReference; lastKnownFileType = image.png; name = "iPadImage-Appname-Landscape@2x.png"; path = "Images/iPadImage-Appname-Landscape@2x.png"; sourceTree = "<group>"; };
		930FA3591A3E07BF00BF6BAD /* iPadImage-Appname-Portrait.png */ = {isa = PBXFileReference; lastKnownFileType = image.png; name = "iPadImage-Appname-Portrait.png"; path = "Images/iPadImage-Appname-Portrait.png"; sourceTree = "<group>"; };
		930FA35A1A3E07BF00BF6BAD /* iPadImage-Appname-Portrait@2x.png */ = {isa = PBXFileReference; lastKnownFileType = image.png; name = "iPadImage-Appname-Portrait@2x.png"; path = "Images/iPadImage-Appname-Portrait@2x.png"; sourceTree = "<group>"; };
		93545BBB1907A94400CD19A6 /* 2858security.app */ = {isa = PBXFileReference; explicitFileType = wrapper.application; includeInIndex = 0; path = 2858security.app; sourceTree = BUILT_PRODUCTS_DIR; };
		93545BBE1907A94400CD19A6 /* Foundation.framework */ = {isa = PBXFileReference; lastKnownFileType = wrapper.framework; name = Foundation.framework; path = System/Library/Frameworks/Foundation.framework; sourceTree = SDKROOT; };
		93545BC01907A94400CD19A6 /* CoreGraphics.framework */ = {isa = PBXFileReference; lastKnownFileType = wrapper.framework; name = CoreGraphics.framework; path = System/Library/Frameworks/CoreGraphics.framework; sourceTree = SDKROOT; };
		93545BC21907A94400CD19A6 /* UIKit.framework */ = {isa = PBXFileReference; lastKnownFileType = wrapper.framework; name = UIKit.framework; path = System/Library/Frameworks/UIKit.framework; sourceTree = SDKROOT; };
		93545BC61907A94400CD19A6 /* 2858security-Info.plist */ = {isa = PBXFileReference; lastKnownFileType = text.plist.xml; path = "2858security-Info.plist"; sourceTree = "<group>"; };
		93545BC81907A94400CD19A6 /* en */ = {isa = PBXFileReference; lastKnownFileType = text.plist.strings; name = en; path = en.lproj/InfoPlist.strings; sourceTree = "<group>"; };
		93545BCA1907A94400CD19A6 /* main.m */ = {isa = PBXFileReference; lastKnownFileType = sourcecode.c.objc; path = main.m; sourceTree = "<group>"; };
		93545BCC1907A94400CD19A6 /* 2858security-Prefix.pch */ = {isa = PBXFileReference; lastKnownFileType = sourcecode.c.h; path = "2858security-Prefix.pch"; sourceTree = "<group>"; };
		93545BD11907A94400CD19A6 /* Base */ = {isa = PBXFileReference; lastKnownFileType = file.storyboard; name = Base; path = Base.lproj/Main_iPhone.storyboard; sourceTree = "<group>"; };
		93545BD41907A94400CD19A6 /* Base */ = {isa = PBXFileReference; lastKnownFileType = file.storyboard; name = Base; path = Base.lproj/Main_iPad.storyboard; sourceTree = "<group>"; };
		93545BDF1907A94400CD19A6 /* 2858securityTests.xctest */ = {isa = PBXFileReference; explicitFileType = wrapper.cfbundle; includeInIndex = 0; path = 2858securityTests.xctest; sourceTree = BUILT_PRODUCTS_DIR; };
		93545BE01907A94400CD19A6 /* XCTest.framework */ = {isa = PBXFileReference; lastKnownFileType = wrapper.framework; name = XCTest.framework; path = Library/Frameworks/XCTest.framework; sourceTree = DEVELOPER_DIR; };
		93545BE81907A94400CD19A6 /* 2858securityTests-Info.plist */ = {isa = PBXFileReference; lastKnownFileType = text.plist.xml; path = "2858securityTests-Info.plist"; sourceTree = "<group>"; };
		93545BEA1907A94400CD19A6 /* en */ = {isa = PBXFileReference; lastKnownFileType = text.plist.strings; name = en; path = en.lproj/InfoPlist.strings; sourceTree = "<group>"; };
		93545BEC1907A94400CD19A6 /* _858securityTests.m */ = {isa = PBXFileReference; lastKnownFileType = sourcecode.c.objc; path = _858securityTests.m; sourceTree = "<group>"; };
		9368BAD8191E14E500F91D7E /* Images.xcassets */ = {isa = PBXFileReference; lastKnownFileType = folder.assetcatalog; path = Images.xcassets; sourceTree = "<group>"; };
/* End PBXFileReference section */

/* Begin PBXFrameworksBuildPhase section */
		93545BB81907A94400CD19A6 /* Frameworks */ = {
			isa = PBXFrameworksBuildPhase;
			buildActionMask = 2147483647;
			files = (
				93545BC11907A94400CD19A6 /* CoreGraphics.framework in Frameworks */,
				93545BC31907A94400CD19A6 /* UIKit.framework in Frameworks */,
				93545BBF1907A94400CD19A6 /* Foundation.framework in Frameworks */,
			);
			runOnlyForDeploymentPostprocessing = 0;
		};
		93545BDC1907A94400CD19A6 /* Frameworks */ = {
			isa = PBXFrameworksBuildPhase;
			buildActionMask = 2147483647;
			files = (
				93545BE11907A94400CD19A6 /* XCTest.framework in Frameworks */,
				93545BE31907A94400CD19A6 /* UIKit.framework in Frameworks */,
				93545BE21907A94400CD19A6 /* Foundation.framework in Frameworks */,
			);
			runOnlyForDeploymentPostprocessing = 0;
		};
/* End PBXFrameworksBuildPhase section */

/* Begin PBXGroup section */
		930FA2F41A3E06B000BF6BAD /* Src */ = {
			isa = PBXGroup;
			children = (
				930FA2F61A3E075A00BF6BAD /* AppDelegate.h */,
				930FA2F71A3E075A00BF6BAD /* AppDelegate.m */,
				930FA2F81A3E075A00BF6BAD /* contact.h */,
				930FA2F91A3E075A00BF6BAD /* contact.m */,
				930FA2FA1A3E075A00BF6BAD /* findUS.h */,
				930FA2FB1A3E075A00BF6BAD /* findUS.m */,
				930FA2FC1A3E075A00BF6BAD /* preventivo.h */,
				930FA2FD1A3E075A00BF6BAD /* preventivo.m */,
				930FA2FE1A3E075A00BF6BAD /* report.h */,
				930FA2FF1A3E075A00BF6BAD /* report.m */,
				930FA3001A3E075A00BF6BAD /* service.h */,
				930FA3011A3E075A00BF6BAD /* service.m */,
				930FA3021A3E075A00BF6BAD /* services.h */,
				930FA3031A3E075A00BF6BAD /* services.m */,
				930FA3041A3E075A00BF6BAD /* Utils.h */,
				930FA3051A3E075A00BF6BAD /* Utils.m */,
				930FA3061A3E075A00BF6BAD /* ViewController.h */,
				930FA3071A3E075A00BF6BAD /* ViewController.m */,
				930FA3081A3E075A00BF6BAD /* webBrowser.h */,
				930FA3091A3E075A00BF6BAD /* webBrowser.m */,
			);
			name = Src;
			sourceTree = "<group>";
		};
		930FA2F51A3E06D500BF6BAD /* Storyboard */ = {
			isa = PBXGroup;
			children = (
				93545BD01907A94400CD19A6 /* Main_iPhone.storyboard */,
				93545BD31907A94400CD19A6 /* Main_iPad.storyboard */,
			);
			name = Storyboard;
			sourceTree = "<group>";
		};
		93330B681920B2C60049CEE4 /* Music */ = {
			isa = PBXGroup;
			children = (
				930FA3141A3E076600BF6BAD /* beep.mp3 */,
			);
			name = Music;
			sourceTree = "<group>";
		};
		933F7112191404AB00CDC2C5 /* Images */ = {
			isa = PBXGroup;
			children = (
				930FA3561A3E07BF00BF6BAD /* Default@2x.png */,
				930FA3571A3E07BF00BF6BAD /* iPadImage-Appname-Landscape.png */,
				930FA3581A3E07BF00BF6BAD /* iPadImage-Appname-Landscape@2x.png */,
				930FA3591A3E07BF00BF6BAD /* iPadImage-Appname-Portrait.png */,
				930FA35A1A3E07BF00BF6BAD /* iPadImage-Appname-Portrait@2x.png */,
				930FA3161A3E077800BF6BAD /* 1195445181899094722molumen_phone_icon.svg.med.png */,
				930FA3171A3E077800BF6BAD /* brief_case.png */,
				930FA3181A3E077800BF6BAD /* brief_case@2x.png */,
				930FA3191A3E077800BF6BAD /* car.jpg */,
				930FA31A1A3E077800BF6BAD /* centrale operativa.jpg */,
				930FA31B1A3E077800BF6BAD /* co.jpg */,
				930FA31C1A3E077800BF6BAD /* cog_02.png */,
				930FA31D1A3E077800BF6BAD /* cog_02@2x.png */,
				930FA31E1A3E077800BF6BAD /* ededIMG_9307.jpg */,
				930FA31F1A3E077800BF6BAD /* email-mail-post-letter-stamp.png */,
				930FA3201A3E077800BF6BAD /* globe.png */,
				930FA3211A3E077800BF6BAD /* globe@2x.png */,
				930FA3221A3E077800BF6BAD /* go_next.png */,
				930FA3231A3E077800BF6BAD /* house.png */,
				930FA3241A3E077800BF6BAD /* house@2x.png */,
				930FA3251A3E077800BF6BAD /* letter_closed.png */,
				930FA3261A3E077800BF6BAD /* letter_closed@2x.png */,
				930FA3271A3E077800BF6BAD /* LOff.png */,
				930FA3281A3E077800BF6BAD /* logo.png */,
				930FA3291A3E077800BF6BAD /* LOn.png */,
				930FA32A1A3E077800BF6BAD /* navigate_left_256.png */,
				930FA32B1A3E077800BF6BAD /* navigate.png */,
				930FA32C1A3E077800BF6BAD /* notes-8.png */,
				930FA32D1A3E077800BF6BAD /* play.png */,
				930FA32E1A3E077800BF6BAD /* qr.jpg */,
				930FA32F1A3E077800BF6BAD /* radioall.jpg */,
				930FA3301A3E077800BF6BAD /* sat.jpg */,
				930FA3311A3E077800BF6BAD /* settings.png */,
				930FA3321A3E077800BF6BAD /* sfondo.png */,
				930FA3331A3E077800BF6BAD /* spark.png */,
				930FA3341A3E077800BF6BAD /* video.jpg */,
				930FA3351A3E077800BF6BAD /* Vista_Icon.png */,
			);
			name = Images;
			sourceTree = "<group>";
		};
		93545BB21907A94400CD19A6 = {
			isa = PBXGroup;
			children = (
				93545BC41907A94400CD19A6 /* 2858security */,
				93545BE61907A94400CD19A6 /* 2858securityTests */,
				93545BBD1907A94400CD19A6 /* Frameworks */,
				93545BBC1907A94400CD19A6 /* Products */,
			);
			sourceTree = "<group>";
		};
		93545BBC1907A94400CD19A6 /* Products */ = {
			isa = PBXGroup;
			children = (
				93545BBB1907A94400CD19A6 /* 2858security.app */,
				93545BDF1907A94400CD19A6 /* 2858securityTests.xctest */,
			);
			name = Products;
			sourceTree = "<group>";
		};
		93545BBD1907A94400CD19A6 /* Frameworks */ = {
			isa = PBXGroup;
			children = (
				93545BBE1907A94400CD19A6 /* Foundation.framework */,
				93545BC01907A94400CD19A6 /* CoreGraphics.framework */,
				93545BC21907A94400CD19A6 /* UIKit.framework */,
				93545BE01907A94400CD19A6 /* XCTest.framework */,
			);
			name = Frameworks;
			sourceTree = "<group>";
		};
		93545BC41907A94400CD19A6 /* 2858security */ = {
			isa = PBXGroup;
			children = (
				930FA2F51A3E06D500BF6BAD /* Storyboard */,
				930FA2F41A3E06B000BF6BAD /* Src */,
				93330B681920B2C60049CEE4 /* Music */,
				933F7112191404AB00CDC2C5 /* Images */,
				93545BC51907A94400CD19A6 /* Supporting Files */,
				9368BAD8191E14E500F91D7E /* Images.xcassets */,
			);
			path = 2858security;
			sourceTree = "<group>";
		};
		93545BC51907A94400CD19A6 /* Supporting Files */ = {
			isa = PBXGroup;
			children = (
				93545BC61907A94400CD19A6 /* 2858security-Info.plist */,
				93545BC71907A94400CD19A6 /* InfoPlist.strings */,
				93545BCA1907A94400CD19A6 /* main.m */,
				93545BCC1907A94400CD19A6 /* 2858security-Prefix.pch */,
			);
			name = "Supporting Files";
			sourceTree = "<group>";
		};
		93545BE61907A94400CD19A6 /* 2858securityTests */ = {
			isa = PBXGroup;
			children = (
				93545BEC1907A94400CD19A6 /* _858securityTests.m */,
				93545BE71907A94400CD19A6 /* Supporting Files */,
			);
			path = 2858securityTests;
			sourceTree = "<group>";
		};
		93545BE71907A94400CD19A6 /* Supporting Files */ = {
			isa = PBXGroup;
			children = (
				93545BE81907A94400CD19A6 /* 2858securityTests-Info.plist */,
				93545BE91907A94400CD19A6 /* InfoPlist.strings */,
			);
			name = "Supporting Files";
			sourceTree = "<group>";
		};
/* End PBXGroup section */

/* Begin PBXNativeTarget section */
		93545BBA1907A94400CD19A6 /* 2858security */ = {
			isa = PBXNativeTarget;
			buildConfigurationList = 93545BF01907A94400CD19A6 /* Build configuration list for PBXNativeTarget "2858security" */;
			buildPhases = (
				93545BB71907A94400CD19A6 /* Sources */,
				93545BB81907A94400CD19A6 /* Frameworks */,
				93545BB91907A94400CD19A6 /* Resources */,
			);
			buildRules = (
			);
			dependencies = (
			);
			name = 2858security;
			productName = 2858security;
			productReference = 93545BBB1907A94400CD19A6 /* 2858security.app */;
			productType = "com.apple.product-type.application";
		};
		93545BDE1907A94400CD19A6 /* 2858securityTests */ = {
			isa = PBXNativeTarget;
			buildConfigurationList = 93545BF31907A94400CD19A6 /* Build configuration list for PBXNativeTarget "2858securityTests" */;
			buildPhases = (
				93545BDB1907A94400CD19A6 /* Sources */,
				93545BDC1907A94400CD19A6 /* Frameworks */,
				93545BDD1907A94400CD19A6 /* Resources */,
			);
			buildRules = (
			);
			dependencies = (
				93545BE51907A94400CD19A6 /* PBXTargetDependency */,
			);
			name = 2858securityTests;
			productName = 2858securityTests;
			productReference = 93545BDF1907A94400CD19A6 /* 2858securityTests.xctest */;
			productType = "com.apple.product-type.bundle.unit-test";
		};
/* End PBXNativeTarget section */

/* Begin PBXProject section */
		93545BB31907A94400CD19A6 /* Project object */ = {
			isa = PBXProject;
			attributes = {
				LastUpgradeCheck = 0510;
				ORGANIZATIONNAME = "Riccardo Rizzo";
				TargetAttributes = {
					93545BBA1907A94400CD19A6 = {
						DevelopmentTeam = RKD82WWETR;
						SystemCapabilities = {
							com.apple.iOS = {
								enabled = 0;
							};
						};
					};
					93545BDE1907A94400CD19A6 = {
						TestTargetID = 93545BBA1907A94400CD19A6;
					};
				};
			};
			buildConfigurationList = 93545BB61907A94400CD19A6 /* Build configuration list for PBXProject "2858security" */;
			compatibilityVersion = "Xcode 3.2";
			developmentRegion = English;
			hasScannedForEncodings = 0;
			knownRegions = (
				en,
				Base,
			);
			mainGroup = 93545BB21907A94400CD19A6;
			productRefGroup = 93545BBC1907A94400CD19A6 /* Products */;
			projectDirPath = "";
			projectRoot = "";
			targets = (
				93545BBA1907A94400CD19A6 /* 2858security */,
				93545BDE1907A94400CD19A6 /* 2858securityTests */,
			);
		};
/* End PBXProject section */

/* Begin PBXResourcesBuildPhase section */
		93545BB91907A94400CD19A6 /* Resources */ = {
			isa = PBXResourcesBuildPhase;
			buildActionMask = 2147483647;
			files = (
				93545BD51907A94400CD19A6 /* Main_iPad.storyboard in Resources */,
				930FA3381A3E077800BF6BAD /* brief_case@2x.png in Resources */,
				930FA3421A3E077800BF6BAD /* go_next.png in Resources */,
				930FA3511A3E077800BF6BAD /* settings.png in Resources */,
				930FA33D1A3E077800BF6BAD /* cog_02@2x.png in Resources */,
				930FA3461A3E077800BF6BAD /* letter_closed@2x.png in Resources */,
				930FA33A1A3E077800BF6BAD /* centrale operativa.jpg in Resources */,
				930FA33F1A3E077800BF6BAD /* email-mail-post-letter-stamp.png in Resources */,
				930FA34A1A3E077800BF6BAD /* navigate_left_256.png in Resources */,
				930FA3401A3E077800BF6BAD /* globe.png in Resources */,
				930FA3531A3E077800BF6BAD /* spark.png in Resources */,
				930FA3521A3E077800BF6BAD /* sfondo.png in Resources */,
				9368BAD9191E14E500F91D7E /* Images.xcassets in Resources */,
				93545BD21907A94400CD19A6 /* Main_iPhone.storyboard in Resources */,
				930FA3151A3E076600BF6BAD /* beep.mp3 in Resources */,
				930FA35C1A3E07BF00BF6BAD /* iPadImage-Appname-Landscape.png in Resources */,
				930FA33B1A3E077800BF6BAD /* co.jpg in Resources */,
				930FA35B1A3E07BF00BF6BAD /* Default@2x.png in Resources */,
				93545BC91907A94400CD19A6 /* InfoPlist.strings in Resources */,
				930FA34D1A3E077800BF6BAD /* play.png in Resources */,
				930FA3451A3E077800BF6BAD /* letter_closed.png in Resources */,
				930FA3471A3E077800BF6BAD /* LOff.png in Resources */,
				930FA35F1A3E07BF00BF6BAD /* iPadImage-Appname-Portrait@2x.png in Resources */,
				930FA3391A3E077800BF6BAD /* car.jpg in Resources */,
				930FA3361A3E077800BF6BAD /* 1195445181899094722molumen_phone_icon.svg.med.png in Resources */,
				930FA3411A3E077800BF6BAD /* globe@2x.png in Resources */,
				930FA34E1A3E077800BF6BAD /* qr.jpg in Resources */,
				930FA3371A3E077800BF6BAD /* brief_case.png in Resources */,
				930FA35D1A3E07BF00BF6BAD /* iPadImage-Appname-Landscape@2x.png in Resources */,
				930FA34C1A3E077800BF6BAD /* notes-8.png in Resources */,
				930FA34F1A3E077800BF6BAD /* radioall.jpg in Resources */,
				930FA35E1A3E07BF00BF6BAD /* iPadImage-Appname-Portrait.png in Resources */,
				930FA3551A3E077800BF6BAD /* Vista_Icon.png in Resources */,
				930FA3431A3E077800BF6BAD /* house.png in Resources */,
				930FA3481A3E077800BF6BAD /* logo.png in Resources */,
				930FA3441A3E077800BF6BAD /* house@2x.png in Resources */,
				930FA33E1A3E077800BF6BAD /* ededIMG_9307.jpg in Resources */,
				930FA3541A3E077800BF6BAD /* video.jpg in Resources */,
				930FA33C1A3E077800BF6BAD /* cog_02.png in Resources */,
				930FA3491A3E077800BF6BAD /* LOn.png in Resources */,
				930FA3501A3E077800BF6BAD /* sat.jpg in Resources */,
				930FA34B1A3E077800BF6BAD /* navigate.png in Resources */,
			);
			runOnlyForDeploymentPostprocessing = 0;
		};
		93545BDD1907A94400CD19A6 /* Resources */ = {
			isa = PBXResourcesBuildPhase;
			buildActionMask = 2147483647;
			files = (
				93545BEB1907A94400CD19A6 /* InfoPlist.strings in Resources */,
			);
			runOnlyForDeploymentPostprocessing = 0;
		};
/* End PBXResourcesBuildPhase section */

/* Begin PBXSourcesBuildPhase section */
		93545BB71907A94400CD19A6 /* Sources */ = {
			isa = PBXSourcesBuildPhase;
			buildActionMask = 2147483647;
			files = (
				930FA3111A3E075A00BF6BAD /* Utils.m in Sources */,
				930FA30C1A3E075A00BF6BAD /* findUS.m in Sources */,
				930FA3131A3E075A00BF6BAD /* webBrowser.m in Sources */,
				930FA3101A3E075A00BF6BAD /* services.m in Sources */,
				930FA30B1A3E075A00BF6BAD /* contact.m in Sources */,
				930FA3121A3E075A00BF6BAD /* ViewController.m in Sources */,
				930FA30F1A3E075A00BF6BAD /* service.m in Sources */,
				930FA30A1A3E075A00BF6BAD /* AppDelegate.m in Sources */,
				930FA30D1A3E075A00BF6BAD /* preventivo.m in Sources */,
				93545BCB1907A94400CD19A6 /* main.m in Sources */,
				930FA30E1A3E075A00BF6BAD /* report.m in Sources */,
			);
			runOnlyForDeploymentPostprocessing = 0;
		};
		93545BDB1907A94400CD19A6 /* Sources */ = {
			isa = PBXSourcesBuildPhase;
			buildActionMask = 2147483647;
			files = (
				93545BED1907A94400CD19A6 /* _858securityTests.m in Sources */,
			);
			runOnlyForDeploymentPostprocessing = 0;
		};
/* End PBXSourcesBuildPhase section */

/* Begin PBXTargetDependency section */
		93545BE51907A94400CD19A6 /* PBXTargetDependency */ = {
			isa = PBXTargetDependency;
			target = 93545BBA1907A94400CD19A6 /* 2858security */;
			targetProxy = 93545BE41907A94400CD19A6 /* PBXContainerItemProxy */;
		};
/* End PBXTargetDependency section */

/* Begin PBXVariantGroup section */
		93545BC71907A94400CD19A6 /* InfoPlist.strings */ = {
			isa = PBXVariantGroup;
			children = (
				93545BC81907A94400CD19A6 /* en */,
			);
			name = InfoPlist.strings;
			sourceTree = "<group>";
		};
		93545BD01907A94400CD19A6 /* Main_iPhone.storyboard */ = {
			isa = PBXVariantGroup;
			children = (
				93545BD11907A94400CD19A6 /* Base */,
			);
			name = Main_iPhone.storyboard;
			sourceTree = "<group>";
		};
		93545BD31907A94400CD19A6 /* Main_iPad.storyboard */ = {
			isa = PBXVariantGroup;
			children = (
				93545BD41907A94400CD19A6 /* Base */,
			);
			name = Main_iPad.storyboard;
			sourceTree = "<group>";
		};
		93545BE91907A94400CD19A6 /* InfoPlist.strings */ = {
			isa = PBXVariantGroup;
			children = (
				93545BEA1907A94400CD19A6 /* en */,
			);
			name = InfoPlist.strings;
			sourceTree = "<group>";
		};
/* End PBXVariantGroup section */

/* Begin XCBuildConfiguration section */
		93545BEE1907A94400CD19A6 /* Debug */ = {
			isa = XCBuildConfiguration;
			buildSettings = {
				ALWAYS_SEARCH_USER_PATHS = NO;
				CLANG_CXX_LANGUAGE_STANDARD = "gnu++0x";
				CLANG_CXX_LIBRARY = "libc++";
				CLANG_ENABLE_MODULES = YES;
				CLANG_ENABLE_OBJC_ARC = YES;
				CLANG_WARN_BOOL_CONVERSION = YES;
				CLANG_WARN_CONSTANT_CONVERSION = YES;
				CLANG_WARN_DIRECT_OBJC_ISA_USAGE = YES_ERROR;
				CLANG_WARN_EMPTY_BODY = YES;
				CLANG_WARN_ENUM_CONVERSION = YES;
				CLANG_WARN_INT_CONVERSION = YES;
				CLANG_WARN_OBJC_ROOT_CLASS = YES_ERROR;
				CLANG_WARN__DUPLICATE_METHOD_MATCH = YES;
				"CODE_SIGN_IDENTITY[sdk=iphoneos*]" = "iPhone Developer";
				COPY_PHASE_STRIP = NO;
				GCC_C_LANGUAGE_STANDARD = gnu99;
				GCC_DYNAMIC_NO_PIC = NO;
				GCC_OPTIMIZATION_LEVEL = 0;
				GCC_PREPROCESSOR_DEFINITIONS = (
					"DEBUG=1",
					"$(inherited)",
				);
				GCC_SYMBOLS_PRIVATE_EXTERN = NO;
				GCC_WARN_64_TO_32_BIT_CONVERSION = YES;
				GCC_WARN_ABOUT_RETURN_TYPE = YES_ERROR;
				GCC_WARN_UNDECLARED_SELECTOR = YES;
				GCC_WARN_UNINITIALIZED_AUTOS = YES_AGGRESSIVE;
				GCC_WARN_UNUSED_FUNCTION = YES;
				GCC_WARN_UNUSED_VARIABLE = YES;
				IPHONEOS_DEPLOYMENT_TARGET = 7.1;
				ONLY_ACTIVE_ARCH = YES;
				SDKROOT = iphoneos;
				TARGETED_DEVICE_FAMILY = "1,2";
			};
			name = Debug;
		};
		93545BEF1907A94400CD19A6 /* Release */ = {
			isa = XCBuildConfiguration;
			buildSettings = {
				ALWAYS_SEARCH_USER_PATHS = NO;
				CLANG_CXX_LANGUAGE_STANDARD = "gnu++0x";
				CLANG_CXX_LIBRARY = "libc++";
				CLANG_ENABLE_MODULES = YES;
				CLANG_ENABLE_OBJC_ARC = YES;
				CLANG_WARN_BOOL_CONVERSION = YES;
				CLANG_WARN_CONSTANT_CONVERSION = YES;
				CLANG_WARN_DIRECT_OBJC_ISA_USAGE = YES_ERROR;
				CLANG_WARN_EMPTY_BODY = YES;
				CLANG_WARN_ENUM_CONVERSION = YES;
				CLANG_WARN_INT_CONVERSION = YES;
				CLANG_WARN_OBJC_ROOT_CLASS = YES_ERROR;
				CLANG_WARN__DUPLICATE_METHOD_MATCH = YES;
				"CODE_SIGN_IDENTITY[sdk=iphoneos*]" = "iPhone Developer";
				COPY_PHASE_STRIP = YES;
				ENABLE_NS_ASSERTIONS = NO;
				GCC_C_LANGUAGE_STANDARD = gnu99;
				GCC_WARN_64_TO_32_BIT_CONVERSION = YES;
				GCC_WARN_ABOUT_RETURN_TYPE = YES_ERROR;
				GCC_WARN_UNDECLARED_SELECTOR = YES;
				GCC_WARN_UNINITIALIZED_AUTOS = YES_AGGRESSIVE;
				GCC_WARN_UNUSED_FUNCTION = YES;
				GCC_WARN_UNUSED_VARIABLE = YES;
				IPHONEOS_DEPLOYMENT_TARGET = 7.1;
				SDKROOT = iphoneos;
				TARGETED_DEVICE_FAMILY = "1,2";
				VALIDATE_PRODUCT = YES;
			};
			name = Release;
		};
		93545BF11907A94400CD19A6 /* Debug */ = {
			isa = XCBuildConfiguration;
			buildSettings = {
				ASSETCATALOG_COMPILER_APPICON_NAME = AppIcon;
				ASSETCATALOG_COMPILER_LAUNCHIMAGE_NAME = LaunchImage;
				CODE_SIGN_IDENTITY = "iPhone Developer";
				"CODE_SIGN_IDENTITY[sdk=iphoneos*]" = "iPhone Developer";
				GCC_PRECOMPILE_PREFIX_HEADER = YES;
				GCC_PREFIX_HEADER = "2858security/2858security-Prefix.pch";
				INFOPLIST_FILE = "2858security/2858security-Info.plist";
				IPHONEOS_DEPLOYMENT_TARGET = 7.0;
				PRODUCT_NAME = "$(TARGET_NAME)";
				PROVISIONING_PROFILE = "";
				TARGETED_DEVICE_FAMILY = 1;
				WRAPPER_EXTENSION = app;
			};
			name = Debug;
		};
		93545BF21907A94400CD19A6 /* Release */ = {
			isa = XCBuildConfiguration;
			buildSettings = {
				ASSETCATALOG_COMPILER_APPICON_NAME = AppIcon;
				ASSETCATALOG_COMPILER_LAUNCHIMAGE_NAME = LaunchImage;
				CODE_SIGN_IDENTITY = "iPhone Developer";
				"CODE_SIGN_IDENTITY[sdk=iphoneos*]" = "iPhone Developer";
				GCC_PRECOMPILE_PREFIX_HEADER = YES;
				GCC_PREFIX_HEADER = "2858security/2858security-Prefix.pch";
				INFOPLIST_FILE = "2858security/2858security-Info.plist";
				IPHONEOS_DEPLOYMENT_TARGET = 7.0;
				PRODUCT_NAME = "$(TARGET_NAME)";
				PROVISIONING_PROFILE = "";
				TARGETED_DEVICE_FAMILY = 1;
				WRAPPER_EXTENSION = app;
			};
			name = Release;
		};
		93545BF41907A94400CD19A6 /* Debug */ = {
			isa = XCBuildConfiguration;
			buildSettings = {
				BUNDLE_LOADER = "$(BUILT_PRODUCTS_DIR)/2858security.app/2858security";
				FRAMEWORK_SEARCH_PATHS = (
					"$(SDKROOT)/Developer/Library/Frameworks",
					"$(inherited)",
					"$(DEVELOPER_FRAMEWORKS_DIR)",
				);
				GCC_PRECOMPILE_PREFIX_HEADER = YES;
				GCC_PREFIX_HEADER = "2858security/2858security-Prefix.pch";
				GCC_PREPROCESSOR_DEFINITIONS = (
					"DEBUG=1",
					"$(inherited)",
				);
				INFOPLIST_FILE = "2858securityTests/2858securityTests-Info.plist";
				PRODUCT_NAME = "$(TARGET_NAME)";
				TEST_HOST = "$(BUNDLE_LOADER)";
				WRAPPER_EXTENSION = xctest;
			};
			name = Debug;
		};
		93545BF51907A94400CD19A6 /* Release */ = {
			isa = XCBuildConfiguration;
			buildSettings = {
				BUNDLE_LOADER = "$(BUILT_PRODUCTS_DIR)/2858security.app/2858security";
				FRAMEWORK_SEARCH_PATHS = (
					"$(SDKROOT)/Developer/Library/Frameworks",
					"$(inherited)",
					"$(DEVELOPER_FRAMEWORKS_DIR)",
				);
				GCC_PRECOMPILE_PREFIX_HEADER = YES;
				GCC_PREFIX_HEADER = "2858security/2858security-Prefix.pch";
				INFOPLIST_FILE = "2858securityTests/2858securityTests-Info.plist";
				PRODUCT_NAME = "$(TARGET_NAME)";
				TEST_HOST = "$(BUNDLE_LOADER)";
				WRAPPER_EXTENSION = xctest;
			};
			name = Release;
		};
/* End XCBuildConfiguration section */

/* Begin XCConfigurationList section */
		93545BB61907A94400CD19A6 /* Build configuration list for PBXProject "2858security" */ = {
			isa = XCConfigurationList;
			buildConfigurations = (
				93545BEE1907A94400CD19A6 /* Debug */,
				93545BEF1907A94400CD19A6 /* Release */,
			);
			defaultConfigurationIsVisible = 0;
			defaultConfigurationName = Release;
		};
		93545BF01907A94400CD19A6 /* Build configuration list for PBXNativeTarget "2858security" */ = {
			isa = XCConfigurationList;
			buildConfigurations = (
				93545BF11907A94400CD19A6 /* Debug */,
				93545BF21907A94400CD19A6 /* Release */,
			);
			defaultConfigurationIsVisible = 0;
			defaultConfigurationName = Release;
		};
		93545BF31907A94400CD19A6 /* Build configuration list for PBXNativeTarget "2858securityTests" */ = {
			isa = XCConfigurationList;
			buildConfigurations = (
				93545BF41907A94400CD19A6 /* Debug */,
				93545BF51907A94400CD19A6 /* Release */,
			);
			defaultConfigurationIsVisible = 0;
			defaultConfigurationName = Release;
		};
/* End XCConfigurationList section */
	};
	rootObject = 93545BB31907A94400CD19A6 /* Project object */;
}
